// !$*UTF8*$!
{
	archiveVersion = 1;
	classes = {
	};
	objectVersion = 50;
	objects = {

/* Begin PBXBuildFile section */
		09DD335A219023E800505D8E /* AppDelegate.m in Sources */ = {isa = PBXBuildFile; fileRef = 09DD3359219023E800505D8E /* AppDelegate.m */; };
		09DD335D219023E800505D8E /* ViewController.m in Sources */ = {isa = PBXBuildFile; fileRef = 09DD335C219023E800505D8E /* ViewController.m */; };
		09DD3360219023E800505D8E /* Main.storyboard in Resources */ = {isa = PBXBuildFile; fileRef = 09DD335E219023E800505D8E /* Main.storyboard */; };
		09DD3362219023EA00505D8E /* Assets.xcassets in Resources */ = {isa = PBXBuildFile; fileRef = 09DD3361219023EA00505D8E /* Assets.xcassets */; };
		09DD3365219023EA00505D8E /* LaunchScreen.storyboard in Resources */ = {isa = PBXBuildFile; fileRef = 09DD3363219023EA00505D8E /* LaunchScreen.storyboard */; };
		09DD3368219023EA00505D8E /* main.m in Sources */ = {isa = PBXBuildFile; fileRef = 09DD3367219023EA00505D8E /* main.m */; };
		09DD3372219023EA00505D8E /* stack_08Tests.m in Sources */ = {isa = PBXBuildFile; fileRef = 09DD3371219023EA00505D8E /* stack_08Tests.m */; };
		09DD337D219023EA00505D8E /* stack_08UITests.m in Sources */ = {isa = PBXBuildFile; fileRef = 09DD337C219023EA00505D8E /* stack_08UITests.m */; };
		09DD33942190248300505D8E /* StackTest.c in Sources */ = {isa = PBXBuildFile; fileRef = 09DD33932190248300505D8E /* StackTest.c */; };
/* End PBXBuildFile section */

/* Begin PBXContainerItemProxy section */
		09DD336E219023EA00505D8E /* PBXContainerItemProxy */ = {
			isa = PBXContainerItemProxy;
			containerPortal = 09DD334D219023E800505D8E /* Project object */;
			proxyType = 1;
			remoteGlobalIDString = 09DD3354219023E800505D8E;
			remoteInfo = "stack-08";
		};
		09DD3379219023EA00505D8E /* PBXContainerItemProxy */ = {
			isa = PBXContainerItemProxy;
			containerPortal = 09DD334D219023E800505D8E /* Project object */;
			proxyType = 1;
			remoteGlobalIDString = 09DD3354219023E800505D8E;
			remoteInfo = "stack-08";
		};
/* End PBXContainerItemProxy section */

/* Begin PBXFileReference section */
		09DD3355219023E800505D8E /* stack-08.app */ = {isa = PBXFileReference; explicitFileType = wrapper.application; includeInIndex = 0; path = "stack-08.app"; sourceTree = BUILT_PRODUCTS_DIR; };
		09DD3358219023E800505D8E /* AppDelegate.h */ = {isa = PBXFileReference; lastKnownFileType = sourcecode.c.h; path = AppDelegate.h; sourceTree = "<group>"; };
		09DD3359219023E800505D8E /* AppDelegate.m */ = {isa = PBXFileReference; lastKnownFileType = sourcecode.c.objc; path = AppDelegate.m; sourceTree = "<group>"; };
		09DD335B219023E800505D8E /* ViewController.h */ = {isa = PBXFileReference; lastKnownFileType = sourcecode.c.h; path = ViewController.h; sourceTree = "<group>"; };
		09DD335C219023E800505D8E /* ViewController.m */ = {isa = PBXFileReference; lastKnownFileType = sourcecode.c.objc; path = ViewController.m; sourceTree = "<group>"; };
		09DD335F219023E800505D8E /* Base */ = {isa = PBXFileReference; lastKnownFileType = file.storyboard; name = Base; path = Base.lproj/Main.storyboard; sourceTree = "<group>"; };
		09DD3361219023EA00505D8E /* Assets.xcassets */ = {isa = PBXFileReference; lastKnownFileType = folder.assetcatalog; path = Assets.xcassets; sourceTree = "<group>"; };
		09DD3364219023EA00505D8E /* Base */ = {isa = PBXFileReference; lastKnownFileType = file.storyboard; name = Base; path = Base.lproj/LaunchScreen.storyboard; sourceTree = "<group>"; };
		09DD3366219023EA00505D8E /* Info.plist */ = {isa = PBXFileReference; lastKnownFileType = text.plist.xml; path = Info.plist; sourceTree = "<group>"; };
		09DD3367219023EA00505D8E /* main.m */ = {isa = PBXFileReference; lastKnownFileType = sourcecode.c.objc; path = main.m; sourceTree = "<group>"; };
		09DD336D219023EA00505D8E /* stack-08Tests.xctest */ = {isa = PBXFileReference; explicitFileType = wrapper.cfbundle; includeInIndex = 0; path = "stack-08Tests.xctest"; sourceTree = BUILT_PRODUCTS_DIR; };
		09DD3371219023EA00505D8E /* stack_08Tests.m */ = {isa = PBXFileReference; lastKnownFileType = sourcecode.c.objc; path = stack_08Tests.m; sourceTree = "<group>"; };
		09DD3373219023EA00505D8E /* Info.plist */ = {isa = PBXFileReference; lastKnownFileType = text.plist.xml; path = Info.plist; sourceTree = "<group>"; };
		09DD3378219023EA00505D8E /* stack-08UITests.xctest */ = {isa = PBXFileReference; explicitFileType = wrapper.cfbundle; includeInIndex = 0; path = "stack-08UITests.xctest"; sourceTree = BUILT_PRODUCTS_DIR; };
		09DD337C219023EA00505D8E /* stack_08UITests.m */ = {isa = PBXFileReference; lastKnownFileType = sourcecode.c.objc; path = stack_08UITests.m; sourceTree = "<group>"; };
		09DD337E219023EA00505D8E /* Info.plist */ = {isa = PBXFileReference; lastKnownFileType = text.plist.xml; path = Info.plist; sourceTree = "<group>"; };
		09DD33922190248300505D8E /* StackTest.h */ = {isa = PBXFileReference; fileEncoding = 4; lastKnownFileType = sourcecode.c.h; path = StackTest.h; sourceTree = "<group>"; };
		09DD33932190248300505D8E /* StackTest.c */ = {isa = PBXFileReference; fileEncoding = 4; lastKnownFileType = sourcecode.c.c; path = StackTest.c; sourceTree = "<group>"; };
/* End PBXFileReference section */

/* Begin PBXFrameworksBuildPhase section */
		09DD3352219023E800505D8E /* Frameworks */ = {
			isa = PBXFrameworksBuildPhase;
			buildActionMask = 2147483647;
			files = (
			);
			runOnlyForDeploymentPostprocessing = 0;
		};
		09DD336A219023EA00505D8E /* Frameworks */ = {
			isa = PBXFrameworksBuildPhase;
			buildActionMask = 2147483647;
			files = (
			);
			runOnlyForDeploymentPostprocessing = 0;
		};
		09DD3375219023EA00505D8E /* Frameworks */ = {
			isa = PBXFrameworksBuildPhase;
			buildActionMask = 2147483647;
			files = (
			);
			runOnlyForDeploymentPostprocessing = 0;
		};
/* End PBXFrameworksBuildPhase section */

/* Begin PBXGroup section */
		09DD334C219023E800505D8E = {
			isa = PBXGroup;
			children = (
				09DD3357219023E800505D8E /* stack-08 */,
				09DD3370219023EA00505D8E /* stack-08Tests */,
				09DD337B219023EA00505D8E /* stack-08UITests */,
				09DD3356219023E800505D8E /* Products */,
			);
			sourceTree = "<group>";
		};
		09DD3356219023E800505D8E /* Products */ = {
			isa = PBXGroup;
			children = (
				09DD3355219023E800505D8E /* stack-08.app */,
				09DD336D219023EA00505D8E /* stack-08Tests.xctest */,
				09DD3378219023EA00505D8E /* stack-08UITests.xctest */,
			);
			name = Products;
			sourceTree = "<group>";
		};
		09DD3357219023E800505D8E /* stack-08 */ = {
			isa = PBXGroup;
			children = (
				09DD3358219023E800505D8E /* AppDelegate.h */,
				09DD3359219023E800505D8E /* AppDelegate.m */,
				09DD335B219023E800505D8E /* ViewController.h */,
				09DD335C219023E800505D8E /* ViewController.m */,
				09DD33912190248300505D8E /* 第8课栈操作 */,
				09DD335E219023E800505D8E /* Main.storyboard */,
				09DD3361219023EA00505D8E /* Assets.xcassets */,
				09DD3363219023EA00505D8E /* LaunchScreen.storyboard */,
				09DD3366219023EA00505D8E /* Info.plist */,
				09DD3367219023EA00505D8E /* main.m */,
			);
			path = "stack-08";
			sourceTree = "<group>";
		};
		09DD3370219023EA00505D8E /* stack-08Tests */ = {
			isa = PBXGroup;
			children = (
				09DD3371219023EA00505D8E /* stack_08Tests.m */,
				09DD3373219023EA00505D8E /* Info.plist */,
			);
			path = "stack-08Tests";
			sourceTree = "<group>";
		};
		09DD337B219023EA00505D8E /* stack-08UITests */ = {
			isa = PBXGroup;
			children = (
				09DD337C219023EA00505D8E /* stack_08UITests.m */,
				09DD337E219023EA00505D8E /* Info.plist */,
			);
			path = "stack-08UITests";
			sourceTree = "<group>";
		};
		09DD33912190248300505D8E /* 第8课栈操作 */ = {
			isa = PBXGroup;
			children = (
				09DD33922190248300505D8E /* StackTest.h */,
				09DD33932190248300505D8E /* StackTest.c */,
			);
			path = "第8课栈操作";
			sourceTree = "<group>";
		};
/* End PBXGroup section */

/* Begin PBXNativeTarget section */
		09DD3354219023E800505D8E /* stack-08 */ = {
			isa = PBXNativeTarget;
			buildConfigurationList = 09DD3381219023EA00505D8E /* Build configuration list for PBXNativeTarget "stack-08" */;
			buildPhases = (
				09DD3351219023E800505D8E /* Sources */,
				09DD3352219023E800505D8E /* Frameworks */,
				09DD3353219023E800505D8E /* Resources */,
			);
			buildRules = (
			);
			dependencies = (
			);
			name = "stack-08";
			productName = "stack-08";
			productReference = 09DD3355219023E800505D8E /* stack-08.app */;
			productType = "com.apple.product-type.application";
		};
		09DD336C219023EA00505D8E /* stack-08Tests */ = {
			isa = PBXNativeTarget;
			buildConfigurationList = 09DD3384219023EA00505D8E /* Build configuration list for PBXNativeTarget "stack-08Tests" */;
			buildPhases = (
				09DD3369219023EA00505D8E /* Sources */,
				09DD336A219023EA00505D8E /* Frameworks */,
				09DD336B219023EA00505D8E /* Resources */,
			);
			buildRules = (
			);
			dependencies = (
				09DD336F219023EA00505D8E /* PBXTargetDependency */,
			);
			name = "stack-08Tests";
			productName = "stack-08Tests";
			productReference = 09DD336D219023EA00505D8E /* stack-08Tests.xctest */;
			productType = "com.apple.product-type.bundle.unit-test";
		};
		09DD3377219023EA00505D8E /* stack-08UITests */ = {
			isa = PBXNativeTarget;
			buildConfigurationList = 09DD3387219023EA00505D8E /* Build configuration list for PBXNativeTarget "stack-08UITests" */;
			buildPhases = (
				09DD3374219023EA00505D8E /* Sources */,
				09DD3375219023EA00505D8E /* Frameworks */,
				09DD3376219023EA00505D8E /* Resources */,
			);
			buildRules = (
			);
			dependencies = (
				09DD337A219023EA00505D8E /* PBXTargetDependency */,
			);
			name = "stack-08UITests";
			productName = "stack-08UITests";
			productReference = 09DD3378219023EA00505D8E /* stack-08UITests.xctest */;
			productType = "com.apple.product-type.bundle.ui-testing";
		};
/* End PBXNativeTarget section */

/* Begin PBXProject section */
		09DD334D219023E800505D8E /* Project object */ = {
			isa = PBXProject;
			attributes = {
				LastUpgradeCheck = 0940;
				ORGANIZATIONNAME = Wanwin;
				TargetAttributes = {
					09DD3354219023E800505D8E = {
						CreatedOnToolsVersion = 9.4;
					};
					09DD336C219023EA00505D8E = {
						CreatedOnToolsVersion = 9.4;
						TestTargetID = 09DD3354219023E800505D8E;
					};
					09DD3377219023EA00505D8E = {
						CreatedOnToolsVersion = 9.4;
						TestTargetID = 09DD3354219023E800505D8E;
					};
				};
			};
			buildConfigurationList = 09DD3350219023E800505D8E /* Build configuration list for PBXProject "stack-08" */;
			compatibilityVersion = "Xcode 9.3";
			developmentRegion = en;
			hasScannedForEncodings = 0;
			knownRegions = (
				en,
				Base,
			);
			mainGroup = 09DD334C219023E800505D8E;
			productRefGroup = 09DD3356219023E800505D8E /* Products */;
			projectDirPath = "";
			projectRoot = "";
			targets = (
				09DD3354219023E800505D8E /* stack-08 */,
				09DD336C219023EA00505D8E /* stack-08Tests */,
				09DD3377219023EA00505D8E /* stack-08UITests */,
			);
		};
/* End PBXProject section */

/* Begin PBXResourcesBuildPhase section */
		09DD3353219023E800505D8E /* Resources */ = {
			isa = PBXResourcesBuildPhase;
			buildActionMask = 2147483647;
			files = (
				09DD3365219023EA00505D8E /* LaunchScreen.storyboard in Resources */,
				09DD3362219023EA00505D8E /* Assets.xcassets in Resources */,
				09DD3360219023E800505D8E /* Main.storyboard in Resources */,
			);
			runOnlyForDeploymentPostprocessing = 0;
		};
		09DD336B219023EA00505D8E /* Resources */ = {
			isa = PBXResourcesBuildPhase;
			buildActionMask = 2147483647;
			files = (
			);
			runOnlyForDeploymentPostprocessing = 0;
		};
		09DD3376219023EA00505D8E /* Resources */ = {
			isa = PBXResourcesBuildPhase;
			buildActionMask = 2147483647;
			files = (
			);
			runOnlyForDeploymentPostprocessing = 0;
		};
/* End PBXResourcesBuildPhase section */

/* Begin PBXSourcesBuildPhase section */
		09DD3351219023E800505D8E /* Sources */ = {
			isa = PBXSourcesBuildPhase;
			buildActionMask = 2147483647;
			files = (
				09DD335D219023E800505D8E /* ViewController.m in Sources */,
				09DD3368219023EA00505D8E /* main.m in Sources */,
				09DD33942190248300505D8E /* StackTest.c in Sources */,
				09DD335A219023E800505D8E /* AppDelegate.m in Sources */,
			);
			runOnlyForDeploymentPostprocessing = 0;
		};
		09DD3369219023EA00505D8E /* Sources */ = {
			isa = PBXSourcesBuildPhase;
			buildActionMask = 2147483647;
			files = (
				09DD3372219023EA00505D8E /* stack_08Tests.m in Sources */,
			);
			runOnlyForDeploymentPostprocessing = 0;
		};
		09DD3374219023EA00505D8E /* Sources */ = {
			isa = PBXSourcesBuildPhase;
			buildActionMask = 2147483647;
			files = (
				09DD337D219023EA00505D8E /* stack_08UITests.m in Sources */,
			);
			runOnlyForDeploymentPostprocessing = 0;
		};
/* End PBXSourcesBuildPhase section */

/* Begin PBXTargetDependency section */
		09DD336F219023EA00505D8E /* PBXTargetDependency */ = {
			isa = PBXTargetDependency;
			target = 09DD3354219023E800505D8E /* stack-08 */;
			targetProxy = 09DD336E219023EA00505D8E /* PBXContainerItemProxy */;
		};
		09DD337A219023EA00505D8E /* PBXTargetDependency */ = {
			isa = PBXTargetDependency;
			target = 09DD3354219023E800505D8E /* stack-08 */;
			targetProxy = 09DD3379219023EA00505D8E /* PBXContainerItemProxy */;
		};
/* End PBXTargetDependency section */

/* Begin PBXVariantGroup section */
		09DD335E219023E800505D8E /* Main.storyboard */ = {
			isa = PBXVariantGroup;
			children = (
				09DD335F219023E800505D8E /* Base */,
			);
			name = Main.storyboard;
			sourceTree = "<group>";
		};
		09DD3363219023EA00505D8E /* LaunchScreen.storyboard */ = {
			isa = PBXVariantGroup;
			children = (
				09DD3364219023EA00505D8E /* Base */,
			);
			name = LaunchScreen.storyboard;
			sourceTree = "<group>";
		};
/* End PBXVariantGroup section */

/* Begin XCBuildConfiguration section */
		09DD337F219023EA00505D8E /* Debug */ = {
			isa = XCBuildConfiguration;
			buildSettings = {
				ALWAYS_SEARCH_USER_PATHS = NO;
				CLANG_ANALYZER_NONNULL = YES;
				CLANG_ANALYZER_NUMBER_OBJECT_CONVERSION = YES_AGGRESSIVE;
				CLANG_CXX_LANGUAGE_STANDARD = "gnu++14";
				CLANG_CXX_LIBRARY = "libc++";
				CLANG_ENABLE_MODULES = YES;
				CLANG_ENABLE_OBJC_ARC = YES;
				CLANG_ENABLE_OBJC_WEAK = YES;
				CLANG_WARN_BLOCK_CAPTURE_AUTORELEASING = YES;
				CLANG_WARN_BOOL_CONVERSION = YES;
				CLANG_WARN_COMMA = YES;
				CLANG_WARN_CONSTANT_CONVERSION = YES;
				CLANG_WARN_DEPRECATED_OBJC_IMPLEMENTATIONS = YES;
				CLANG_WARN_DIRECT_OBJC_ISA_USAGE = YES_ERROR;
				CLANG_WARN_DOCUMENTATION_COMMENTS = YES;
				CLANG_WARN_EMPTY_BODY = YES;
				CLANG_WARN_ENUM_CONVERSION = YES;
				CLANG_WARN_INFINITE_RECURSION = YES;
				CLANG_WARN_INT_CONVERSION = YES;
				CLANG_WARN_NON_LITERAL_NULL_CONVERSION = YES;
				CLANG_WARN_OBJC_IMPLICIT_RETAIN_SELF = YES;
				CLANG_WARN_OBJC_LITERAL_CONVERSION = YES;
				CLANG_WARN_OBJC_ROOT_CLASS = YES_ERROR;
				CLANG_WARN_RANGE_LOOP_ANALYSIS = YES;
				CLANG_WARN_STRICT_PROTOTYPES = YES;
				CLANG_WARN_SUSPICIOUS_MOVE = YES;
				CLANG_WARN_UNGUARDED_AVAILABILITY = YES_AGGRESSIVE;
				CLANG_WARN_UNREACHABLE_CODE = YES;
				CLANG_WARN__DUPLICATE_METHOD_MATCH = YES;
				CODE_SIGN_IDENTITY = "iPhone Developer";
				COPY_PHASE_STRIP = NO;
				DEBUG_INFORMATION_FORMAT = dwarf;
				ENABLE_STRICT_OBJC_MSGSEND = YES;
				ENABLE_TESTABILITY = YES;
				GCC_C_LANGUAGE_STANDARD = gnu11;
				GCC_DYNAMIC_NO_PIC = NO;
				GCC_NO_COMMON_BLOCKS = YES;
				GCC_OPTIMIZATION_LEVEL = 0;
				GCC_PREPROCESSOR_DEFINITIONS = (
					"DEBUG=1",
					"$(inherited)",
				);
				GCC_WARN_64_TO_32_BIT_CONVERSION = YES;
				GCC_WARN_ABOUT_RETURN_TYPE = YES_ERROR;
				GCC_WARN_UNDECLARED_SELECTOR = YES;
				GCC_WARN_UNINITIALIZED_AUTOS = YES_AGGRESSIVE;
				GCC_WARN_UNUSED_FUNCTION = YES;
				GCC_WARN_UNUSED_VARIABLE = YES;
				IPHONEOS_DEPLOYMENT_TARGET = 11.4;
				MTL_ENABLE_DEBUG_INFO = YES;
				ONLY_ACTIVE_ARCH = YES;
				SDKROOT = iphoneos;
			};
			name = Debug;
		};
		09DD3380219023EA00505D8E /* Release */ = {
			isa = XCBuildConfiguration;
			buildSettings = {
				ALWAYS_SEARCH_USER_PATHS = NO;
				CLANG_ANALYZER_NONNULL = YES;
				CLANG_ANALYZER_NUMBER_OBJECT_CONVERSION = YES_AGGRESSIVE;
				CLANG_CXX_LANGUAGE_STANDARD = "gnu++14";
				CLANG_CXX_LIBRARY = "libc++";
				CLANG_ENABLE_MODULES = YES;
				CLANG_ENABLE_OBJC_ARC = YES;
				CLANG_ENABLE_OBJC_WEAK = YES;
				CLANG_WARN_BLOCK_CAPTURE_AUTORELEASING = YES;
				CLANG_WARN_BOOL_CONVERSION = YES;
				CLANG_WARN_COMMA = YES;
				CLANG_WARN_CONSTANT_CONVERSION = YES;
				CLANG_WARN_DEPRECATED_OBJC_IMPLEMENTATIONS = YES;
				CLANG_WARN_DIRECT_OBJC_ISA_USAGE = YES_ERROR;
				CLANG_WARN_DOCUMENTATION_COMMENTS = YES;
				CLANG_WARN_EMPTY_BODY = YES;
				CLANG_WARN_ENUM_CONVERSION = YES;
				CLANG_WARN_INFINITE_RECURSION = YES;
				CLANG_WARN_INT_CONVERSION = YES;
				CLANG_WARN_NON_LITERAL_NULL_CONVERSION = YES;
				CLANG_WARN_OBJC_IMPLICIT_RETAIN_SELF = YES;
				CLANG_WARN_OBJC_LITERAL_CONVERSION = YES;
				CLANG_WARN_OBJC_ROOT_CLASS = YES_ERROR;
				CLANG_WARN_RANGE_LOOP_ANALYSIS = YES;
				CLANG_WARN_STRICT_PROTOTYPES = YES;
				CLANG_WARN_SUSPICIOUS_MOVE = YES;
				CLANG_WARN_UNGUARDED_AVAILABILITY = YES_AGGRESSIVE;
				CLANG_WARN_UNREACHABLE_CODE = YES;
				CLANG_WARN__DUPLICATE_METHOD_MATCH = YES;
				CODE_SIGN_IDENTITY = "iPhone Developer";
				COPY_PHASE_STRIP = NO;
				DEBUG_INFORMATION_FORMAT = "dwarf-with-dsym";
				ENABLE_NS_ASSERTIONS = NO;
				ENABLE_STRICT_OBJC_MSGSEND = YES;
				GCC_C_LANGUAGE_STANDARD = gnu11;
				GCC_NO_COMMON_BLOCKS = YES;
				GCC_WARN_64_TO_32_BIT_CONVERSION = YES;
				GCC_WARN_ABOUT_RETURN_TYPE = YES_ERROR;
				GCC_WARN_UNDECLARED_SELECTOR = YES;
				GCC_WARN_UNINITIALIZED_AUTOS = YES_AGGRESSIVE;
				GCC_WARN_UNUSED_FUNCTION = YES;
				GCC_WARN_UNUSED_VARIABLE = YES;
				IPHONEOS_DEPLOYMENT_TARGET = 11.4;
				MTL_ENABLE_DEBUG_INFO = NO;
				SDKROOT = iphoneos;
				VALIDATE_PRODUCT = YES;
			};
			name = Release;
		};
		09DD3382219023EA00505D8E /* Debug */ = {
			isa = XCBuildConfiguration;
			buildSettings = {
				ASSETCATALOG_COMPILER_APPICON_NAME = AppIcon;
				CODE_SIGN_STYLE = Automatic;
				DEVELOPMENT_TEAM = 7TNL83WLRC;
				INFOPLIST_FILE = "stack-08/Info.plist";
				LD_RUNPATH_SEARCH_PATHS = (
					"$(inherited)",
					"@executable_path/Frameworks",
				);
				PRODUCT_BUNDLE_IDENTIFIER = "dyt.personalDemo.stack-08";
				PRODUCT_NAME = "$(TARGET_NAME)";
				TARGETED_DEVICE_FAMILY = "1,2";
			};
			name = Debug;
		};
		09DD3383219023EA00505D8E /* Release */ = {
			isa = XCBuildConfiguration;
			buildSettings = {
				ASSETCATALOG_COMPILER_APPICON_NAME = AppIcon;
				CODE_SIGN_STYLE = Automatic;
				DEVELOPMENT_TEAM = 7TNL83WLRC;
				INFOPLIST_FILE = "stack-08/Info.plist";
				LD_RUNPATH_SEARCH_PATHS = (
					"$(inherited)",
					"@executable_path/Frameworks",
				);
				PRODUCT_BUNDLE_IDENTIFIER = "dyt.personalDemo.stack-08";
				PRODUCT_NAME = "$(TARGET_NAME)";
				TARGETED_DEVICE_FAMILY = "1,2";
			};
			name = Release;
		};
		09DD3385219023EA00505D8E /* Debug */ = {
			isa = XCBuildConfiguration;
			buildSettings = {
				BUNDLE_LOADER = "$(TEST_HOST)";
				CODE_SIGN_STYLE = Automatic;
				DEVELOPMENT_TEAM = 7TNL83WLRC;
				INFOPLIST_FILE = "stack-08Tests/Info.plist";
				LD_RUNPATH_SEARCH_PATHS = (
					"$(inherited)",
					"@executable_path/Frameworks",
					"@loader_path/Frameworks",
				);
				PRODUCT_BUNDLE_IDENTIFIER = "dyt.personalDemo.stack-08Tests";
				PRODUCT_NAME = "$(TARGET_NAME)";
				TARGETED_DEVICE_FAMILY = "1,2";
				TEST_HOST = "$(BUILT_PRODUCTS_DIR)/stack-08.app/stack-08";
			};
			name = Debug;
		};
		09DD3386219023EA00505D8E /* Release */ = {
			isa = XCBuildConfiguration;
			buildSettings = {
				BUNDLE_LOADER = "$(TEST_HOST)";
				CODE_SIGN_STYLE = Automatic;
				DEVELOPMENT_TEAM = 7TNL83WLRC;
				INFOPLIST_FILE = "stack-08Tests/Info.plist";
				LD_RUNPATH_SEARCH_PATHS = (
					"$(inherited)",
					"@executable_path/Frameworks",
					"@loader_path/Frameworks",
				);
				PRODUCT_BUNDLE_IDENTIFIER = "dyt.personalDemo.stack-08Tests";
				PRODUCT_NAME = "$(TARGET_NAME)";
				TARGETED_DEVICE_FAMILY = "1,2";
				TEST_HOST = "$(BUILT_PRODUCTS_DIR)/stack-08.app/stack-08";
			};
			name = Release;
		};
		09DD3388219023EA00505D8E /* Debug */ = {
			isa = XCBuildConfiguration;
			buildSettings = {
				CODE_SIGN_STYLE = Automatic;
				DEVELOPMENT_TEAM = 7TNL83WLRC;
				INFOPLIST_FILE = "stack-08UITests/Info.plist";
				LD_RUNPATH_SEARCH_PATHS = (
					"$(inherited)",
					"@executable_path/Frameworks",
					"@loader_path/Frameworks",
				);
				PRODUCT_BUNDLE_IDENTIFIER = "dyt.personalDemo.stack-08UITests";
				PRODUCT_NAME = "$(TARGET_NAME)";
				TARGETED_DEVICE_FAMILY = "1,2";
				TEST_TARGET_NAME = "stack-08";
			};
			name = Debug;
		};
		09DD3389219023EA00505D8E /* Release */ = {
			isa = XCBuildConfiguration;
			buildSettings = {
				CODE_SIGN_STYLE = Automatic;
				DEVELOPMENT_TEAM = 7TNL83WLRC;
				INFOPLIST_FILE = "stack-08UITests/Info.plist";
				LD_RUNPATH_SEARCH_PATHS = (
					"$(inherited)",
					"@executable_path/Frameworks",
					"@loader_path/Frameworks",
				);
				PRODUCT_BUNDLE_IDENTIFIER = "dyt.personalDemo.stack-08UITests";
				PRODUCT_NAME = "$(TARGET_NAME)";
				TARGETED_DEVICE_FAMILY = "1,2";
				TEST_TARGET_NAME = "stack-08";
			};
			name = Release;
		};
/* End XCBuildConfiguration section */

/* Begin XCConfigurationList section */
		09DD3350219023E800505D8E /* Build configuration list for PBXProject "stack-08" */ = {
			isa = XCConfigurationList;
			buildConfigurations = (
				09DD337F219023EA00505D8E /* Debug */,
				09DD3380219023EA00505D8E /* Release */,
			);
			defaultConfigurationIsVisible = 0;
			defaultConfigurationName = Release;
		};
		09DD3381219023EA00505D8E /* Build configuration list for PBXNativeTarget "stack-08" */ = {
			isa = XCConfigurationList;
			buildConfigurations = (
				09DD3382219023EA00505D8E /* Debug */,
				09DD3383219023EA00505D8E /* Release */,
			);
			defaultConfigurationIsVisible = 0;
			defaultConfigurationName = Release;
		};
		09DD3384219023EA00505D8E /* Build configuration list for PBXNativeTarget "stack-08Tests" */ = {
			isa = XCConfigurationList;
			buildConfigurations = (
				09DD3385219023EA00505D8E /* Debug */,
				09DD3386219023EA00505D8E /* Release */,
			);
			defaultConfigurationIsVisible = 0;
			defaultConfigurationName = Release;
		};
		09DD3387219023EA00505D8E /* Build configuration list for PBXNativeTarget "stack-08UITests" */ = {
			isa = XCConfigurationList;
			buildConfigurations = (
				09DD3388219023EA00505D8E /* Debug */,
				09DD3389219023EA00505D8E /* Release */,
			);
			defaultConfigurationIsVisible = 0;
			defaultConfigurationName = Release;
		};
/* End XCConfigurationList section */
	};
	rootObject = 09DD334D219023E800505D8E /* Project object */;
}
