// !$*UTF8*$!
{
	archiveVersion = 1;
	classes = {
	};
	objectVersion = 50;
	objects = {

/* Begin PBXBuildFile section */
		091E1BD521C8D97E000CE405 /* AppDelegate.m in Sources */ = {isa = PBXBuildFile; fileRef = 091E1BD421C8D97E000CE405 /* AppDelegate.m */; };
		091E1BD821C8D97E000CE405 /* ViewController.m in Sources */ = {isa = PBXBuildFile; fileRef = 091E1BD721C8D97E000CE405 /* ViewController.m */; };
		091E1BDB21C8D97E000CE405 /* Main.storyboard in Resources */ = {isa = PBXBuildFile; fileRef = 091E1BD921C8D97E000CE405 /* Main.storyboard */; };
		091E1BDD21C8D980000CE405 /* Assets.xcassets in Resources */ = {isa = PBXBuildFile; fileRef = 091E1BDC21C8D980000CE405 /* Assets.xcassets */; };
		091E1BE021C8D980000CE405 /* LaunchScreen.storyboard in Resources */ = {isa = PBXBuildFile; fileRef = 091E1BDE21C8D980000CE405 /* LaunchScreen.storyboard */; };
		091E1BE321C8D980000CE405 /* main.m in Sources */ = {isa = PBXBuildFile; fileRef = 091E1BE221C8D980000CE405 /* main.m */; };
		091E1BEC21C8D9A1000CE405 /* binarySearch.c in Sources */ = {isa = PBXBuildFile; fileRef = 091E1BEB21C8D9A1000CE405 /* binarySearch.c */; };
/* End PBXBuildFile section */

/* Begin PBXFileReference section */
		091E1BD021C8D97E000CE405 /* 15-二分查找.app */ = {isa = PBXFileReference; explicitFileType = wrapper.application; includeInIndex = 0; path = "15-二分查找.app"; sourceTree = BUILT_PRODUCTS_DIR; };
		091E1BD321C8D97E000CE405 /* AppDelegate.h */ = {isa = PBXFileReference; lastKnownFileType = sourcecode.c.h; path = AppDelegate.h; sourceTree = "<group>"; };
		091E1BD421C8D97E000CE405 /* AppDelegate.m */ = {isa = PBXFileReference; lastKnownFileType = sourcecode.c.objc; path = AppDelegate.m; sourceTree = "<group>"; };
		091E1BD621C8D97E000CE405 /* ViewController.h */ = {isa = PBXFileReference; lastKnownFileType = sourcecode.c.h; path = ViewController.h; sourceTree = "<group>"; };
		091E1BD721C8D97E000CE405 /* ViewController.m */ = {isa = PBXFileReference; lastKnownFileType = sourcecode.c.objc; path = ViewController.m; sourceTree = "<group>"; };
		091E1BDA21C8D97E000CE405 /* Base */ = {isa = PBXFileReference; lastKnownFileType = file.storyboard; name = Base; path = Base.lproj/Main.storyboard; sourceTree = "<group>"; };
		091E1BDC21C8D980000CE405 /* Assets.xcassets */ = {isa = PBXFileReference; lastKnownFileType = folder.assetcatalog; path = Assets.xcassets; sourceTree = "<group>"; };
		091E1BDF21C8D980000CE405 /* Base */ = {isa = PBXFileReference; lastKnownFileType = file.storyboard; name = Base; path = Base.lproj/LaunchScreen.storyboard; sourceTree = "<group>"; };
		091E1BE121C8D980000CE405 /* Info.plist */ = {isa = PBXFileReference; lastKnownFileType = text.plist.xml; path = Info.plist; sourceTree = "<group>"; };
		091E1BE221C8D980000CE405 /* main.m */ = {isa = PBXFileReference; lastKnownFileType = sourcecode.c.objc; path = main.m; sourceTree = "<group>"; };
		091E1BEA21C8D9A1000CE405 /* binarySearch.h */ = {isa = PBXFileReference; lastKnownFileType = sourcecode.c.h; path = binarySearch.h; sourceTree = "<group>"; };
		091E1BEB21C8D9A1000CE405 /* binarySearch.c */ = {isa = PBXFileReference; lastKnownFileType = sourcecode.c.c; path = binarySearch.c; sourceTree = "<group>"; };
/* End PBXFileReference section */

/* Begin PBXFrameworksBuildPhase section */
		091E1BCD21C8D97E000CE405 /* Frameworks */ = {
			isa = PBXFrameworksBuildPhase;
			buildActionMask = 2147483647;
			files = (
			);
			runOnlyForDeploymentPostprocessing = 0;
		};
/* End PBXFrameworksBuildPhase section */

/* Begin PBXGroup section */
		091E1BC721C8D97E000CE405 = {
			isa = PBXGroup;
			children = (
				091E1BD221C8D97E000CE405 /* 15-二分查找 */,
				091E1BD121C8D97E000CE405 /* Products */,
			);
			sourceTree = "<group>";
		};
		091E1BD121C8D97E000CE405 /* Products */ = {
			isa = PBXGroup;
			children = (
				091E1BD021C8D97E000CE405 /* 15-二分查找.app */,
			);
			name = Products;
			sourceTree = "<group>";
		};
		091E1BD221C8D97E000CE405 /* 15-二分查找 */ = {
			isa = PBXGroup;
			children = (
				091E1BD321C8D97E000CE405 /* AppDelegate.h */,
				091E1BD421C8D97E000CE405 /* AppDelegate.m */,
				091E1BD621C8D97E000CE405 /* ViewController.h */,
				091E1BD721C8D97E000CE405 /* ViewController.m */,
				091E1BE921C8D985000CE405 /* 二分查找 */,
				091E1BD921C8D97E000CE405 /* Main.storyboard */,
				091E1BDC21C8D980000CE405 /* Assets.xcassets */,
				091E1BDE21C8D980000CE405 /* LaunchScreen.storyboard */,
				091E1BE121C8D980000CE405 /* Info.plist */,
				091E1BE221C8D980000CE405 /* main.m */,
			);
			path = "15-二分查找";
			sourceTree = "<group>";
		};
		091E1BE921C8D985000CE405 /* 二分查找 */ = {
			isa = PBXGroup;
			children = (
				091E1BEA21C8D9A1000CE405 /* binarySearch.h */,
				091E1BEB21C8D9A1000CE405 /* binarySearch.c */,
			);
			path = "二分查找";
			sourceTree = "<group>";
		};
/* End PBXGroup section */

/* Begin PBXNativeTarget section */
		091E1BCF21C8D97E000CE405 /* 15-二分查找 */ = {
			isa = PBXNativeTarget;
			buildConfigurationList = 091E1BE621C8D980000CE405 /* Build configuration list for PBXNativeTarget "15-二分查找" */;
			buildPhases = (
				091E1BCC21C8D97E000CE405 /* Sources */,
				091E1BCD21C8D97E000CE405 /* Frameworks */,
				091E1BCE21C8D97E000CE405 /* Resources */,
			);
			buildRules = (
			);
			dependencies = (
			);
			name = "15-二分查找";
			productName = "15-二分查找";
			productReference = 091E1BD021C8D97E000CE405 /* 15-二分查找.app */;
			productType = "com.apple.product-type.application";
		};
/* End PBXNativeTarget section */

/* Begin PBXProject section */
		091E1BC821C8D97E000CE405 /* Project object */ = {
			isa = PBXProject;
			attributes = {
				LastUpgradeCheck = 0940;
				ORGANIZATIONNAME = Wanwin;
				TargetAttributes = {
					091E1BCF21C8D97E000CE405 = {
						CreatedOnToolsVersion = 9.4;
					};
				};
			};
			buildConfigurationList = 091E1BCB21C8D97E000CE405 /* Build configuration list for PBXProject "15-二分查找" */;
			compatibilityVersion = "Xcode 9.3";
			developmentRegion = en;
			hasScannedForEncodings = 0;
			knownRegions = (
				en,
				Base,
			);
			mainGroup = 091E1BC721C8D97E000CE405;
			productRefGroup = 091E1BD121C8D97E000CE405 /* Products */;
			projectDirPath = "";
			projectRoot = "";
			targets = (
				091E1BCF21C8D97E000CE405 /* 15-二分查找 */,
			);
		};
/* End PBXProject section */

/* Begin PBXResourcesBuildPhase section */
		091E1BCE21C8D97E000CE405 /* Resources */ = {
			isa = PBXResourcesBuildPhase;
			buildActionMask = 2147483647;
			files = (
				091E1BE021C8D980000CE405 /* LaunchScreen.storyboard in Resources */,
				091E1BDD21C8D980000CE405 /* Assets.xcassets in Resources */,
				091E1BDB21C8D97E000CE405 /* Main.storyboard in Resources */,
			);
			runOnlyForDeploymentPostprocessing = 0;
		};
/* End PBXResourcesBuildPhase section */

/* Begin PBXSourcesBuildPhase section */
		091E1BCC21C8D97E000CE405 /* Sources */ = {
			isa = PBXSourcesBuildPhase;
			buildActionMask = 2147483647;
			files = (
				091E1BD821C8D97E000CE405 /* ViewController.m in Sources */,
				091E1BE321C8D980000CE405 /* main.m in Sources */,
				091E1BEC21C8D9A1000CE405 /* binarySearch.c in Sources */,
				091E1BD521C8D97E000CE405 /* AppDelegate.m in Sources */,
			);
			runOnlyForDeploymentPostprocessing = 0;
		};
/* End PBXSourcesBuildPhase section */

/* Begin PBXVariantGroup section */
		091E1BD921C8D97E000CE405 /* Main.storyboard */ = {
			isa = PBXVariantGroup;
			children = (
				091E1BDA21C8D97E000CE405 /* Base */,
			);
			name = Main.storyboard;
			sourceTree = "<group>";
		};
		091E1BDE21C8D980000CE405 /* LaunchScreen.storyboard */ = {
			isa = PBXVariantGroup;
			children = (
				091E1BDF21C8D980000CE405 /* Base */,
			);
			name = LaunchScreen.storyboard;
			sourceTree = "<group>";
		};
/* End PBXVariantGroup section */

/* Begin XCBuildConfiguration section */
		091E1BE421C8D980000CE405 /* Debug */ = {
			isa = XCBuildConfiguration;
			buildSettings = {
				ALWAYS_SEARCH_USER_PATHS = NO;
				CLANG_ANALYZER_NONNULL = YES;
				CLANG_ANALYZER_NUMBER_OBJECT_CONVERSION = YES_AGGRESSIVE;
				CLANG_CXX_LANGUAGE_STANDARD = "gnu++14";
				CLANG_CXX_LIBRARY = "libc++";
				CLANG_ENABLE_MODULES = YES;
				CLANG_ENABLE_OBJC_ARC = YES;
				CLANG_ENABLE_OBJC_WEAK = YES;
				CLANG_WARN_BLOCK_CAPTURE_AUTORELEASING = YES;
				CLANG_WARN_BOOL_CONVERSION = YES;
				CLANG_WARN_COMMA = YES;
				CLANG_WARN_CONSTANT_CONVERSION = YES;
				CLANG_WARN_DEPRECATED_OBJC_IMPLEMENTATIONS = YES;
				CLANG_WARN_DIRECT_OBJC_ISA_USAGE = YES_ERROR;
				CLANG_WARN_DOCUMENTATION_COMMENTS = YES;
				CLANG_WARN_EMPTY_BODY = YES;
				CLANG_WARN_ENUM_CONVERSION = YES;
				CLANG_WARN_INFINITE_RECURSION = YES;
				CLANG_WARN_INT_CONVERSION = YES;
				CLANG_WARN_NON_LITERAL_NULL_CONVERSION = YES;
				CLANG_WARN_OBJC_IMPLICIT_RETAIN_SELF = YES;
				CLANG_WARN_OBJC_LITERAL_CONVERSION = YES;
				CLANG_WARN_OBJC_ROOT_CLASS = YES_ERROR;
				CLANG_WARN_RANGE_LOOP_ANALYSIS = YES;
				CLANG_WARN_STRICT_PROTOTYPES = YES;
				CLANG_WARN_SUSPICIOUS_MOVE = YES;
				CLANG_WARN_UNGUARDED_AVAILABILITY = YES_AGGRESSIVE;
				CLANG_WARN_UNREACHABLE_CODE = YES;
				CLANG_WARN__DUPLICATE_METHOD_MATCH = YES;
				CODE_SIGN_IDENTITY = "iPhone Developer";
				COPY_PHASE_STRIP = NO;
				DEBUG_INFORMATION_FORMAT = dwarf;
				ENABLE_STRICT_OBJC_MSGSEND = YES;
				ENABLE_TESTABILITY = YES;
				GCC_C_LANGUAGE_STANDARD = gnu11;
				GCC_DYNAMIC_NO_PIC = NO;
				GCC_NO_COMMON_BLOCKS = YES;
				GCC_OPTIMIZATION_LEVEL = 0;
				GCC_PREPROCESSOR_DEFINITIONS = (
					"DEBUG=1",
					"$(inherited)",
				);
				GCC_WARN_64_TO_32_BIT_CONVERSION = YES;
				GCC_WARN_ABOUT_RETURN_TYPE = YES_ERROR;
				GCC_WARN_UNDECLARED_SELECTOR = YES;
				GCC_WARN_UNINITIALIZED_AUTOS = YES_AGGRESSIVE;
				GCC_WARN_UNUSED_FUNCTION = YES;
				GCC_WARN_UNUSED_VARIABLE = YES;
				IPHONEOS_DEPLOYMENT_TARGET = 11.4;
				MTL_ENABLE_DEBUG_INFO = YES;
				ONLY_ACTIVE_ARCH = YES;
				SDKROOT = iphoneos;
			};
			name = Debug;
		};
		091E1BE521C8D980000CE405 /* Release */ = {
			isa = XCBuildConfiguration;
			buildSettings = {
				ALWAYS_SEARCH_USER_PATHS = NO;
				CLANG_ANALYZER_NONNULL = YES;
				CLANG_ANALYZER_NUMBER_OBJECT_CONVERSION = YES_AGGRESSIVE;
				CLANG_CXX_LANGUAGE_STANDARD = "gnu++14";
				CLANG_CXX_LIBRARY = "libc++";
				CLANG_ENABLE_MODULES = YES;
				CLANG_ENABLE_OBJC_ARC = YES;
				CLANG_ENABLE_OBJC_WEAK = YES;
				CLANG_WARN_BLOCK_CAPTURE_AUTORELEASING = YES;
				CLANG_WARN_BOOL_CONVERSION = YES;
				CLANG_WARN_COMMA = YES;
				CLANG_WARN_CONSTANT_CONVERSION = YES;
				CLANG_WARN_DEPRECATED_OBJC_IMPLEMENTATIONS = YES;
				CLANG_WARN_DIRECT_OBJC_ISA_USAGE = YES_ERROR;
				CLANG_WARN_DOCUMENTATION_COMMENTS = YES;
				CLANG_WARN_EMPTY_BODY = YES;
				CLANG_WARN_ENUM_CONVERSION = YES;
				CLANG_WARN_INFINITE_RECURSION = YES;
				CLANG_WARN_INT_CONVERSION = YES;
				CLANG_WARN_NON_LITERAL_NULL_CONVERSION = YES;
				CLANG_WARN_OBJC_IMPLICIT_RETAIN_SELF = YES;
				CLANG_WARN_OBJC_LITERAL_CONVERSION = YES;
				CLANG_WARN_OBJC_ROOT_CLASS = YES_ERROR;
				CLANG_WARN_RANGE_LOOP_ANALYSIS = YES;
				CLANG_WARN_STRICT_PROTOTYPES = YES;
				CLANG_WARN_SUSPICIOUS_MOVE = YES;
				CLANG_WARN_UNGUARDED_AVAILABILITY = YES_AGGRESSIVE;
				CLANG_WARN_UNREACHABLE_CODE = YES;
				CLANG_WARN__DUPLICATE_METHOD_MATCH = YES;
				CODE_SIGN_IDENTITY = "iPhone Developer";
				COPY_PHASE_STRIP = NO;
				DEBUG_INFORMATION_FORMAT = "dwarf-with-dsym";
				ENABLE_NS_ASSERTIONS = NO;
				ENABLE_STRICT_OBJC_MSGSEND = YES;
				GCC_C_LANGUAGE_STANDARD = gnu11;
				GCC_NO_COMMON_BLOCKS = YES;
				GCC_WARN_64_TO_32_BIT_CONVERSION = YES;
				GCC_WARN_ABOUT_RETURN_TYPE = YES_ERROR;
				GCC_WARN_UNDECLARED_SELECTOR = YES;
				GCC_WARN_UNINITIALIZED_AUTOS = YES_AGGRESSIVE;
				GCC_WARN_UNUSED_FUNCTION = YES;
				GCC_WARN_UNUSED_VARIABLE = YES;
				IPHONEOS_DEPLOYMENT_TARGET = 11.4;
				MTL_ENABLE_DEBUG_INFO = NO;
				SDKROOT = iphoneos;
				VALIDATE_PRODUCT = YES;
			};
			name = Release;
		};
		091E1BE721C8D980000CE405 /* Debug */ = {
			isa = XCBuildConfiguration;
			buildSettings = {
				ASSETCATALOG_COMPILER_APPICON_NAME = AppIcon;
				CODE_SIGN_STYLE = Automatic;
				DEVELOPMENT_TEAM = 7TNL83WLRC;
				INFOPLIST_FILE = "15-二分查找/Info.plist";
				LD_RUNPATH_SEARCH_PATHS = (
					"$(inherited)",
					"@executable_path/Frameworks",
				);
				PRODUCT_BUNDLE_IDENTIFIER = "duanyutian.-5-----";
				PRODUCT_NAME = "$(TARGET_NAME)";
				TARGETED_DEVICE_FAMILY = "1,2";
			};
			name = Debug;
		};
		091E1BE821C8D980000CE405 /* Release */ = {
			isa = XCBuildConfiguration;
			buildSettings = {
				ASSETCATALOG_COMPILER_APPICON_NAME = AppIcon;
				CODE_SIGN_STYLE = Automatic;
				DEVELOPMENT_TEAM = 7TNL83WLRC;
				INFOPLIST_FILE = "15-二分查找/Info.plist";
				LD_RUNPATH_SEARCH_PATHS = (
					"$(inherited)",
					"@executable_path/Frameworks",
				);
				PRODUCT_BUNDLE_IDENTIFIER = "duanyutian.-5-----";
				PRODUCT_NAME = "$(TARGET_NAME)";
				TARGETED_DEVICE_FAMILY = "1,2";
			};
			name = Release;
		};
/* End XCBuildConfiguration section */

/* Begin XCConfigurationList section */
		091E1BCB21C8D97E000CE405 /* Build configuration list for PBXProject "15-二分查找" */ = {
			isa = XCConfigurationList;
			buildConfigurations = (
				091E1BE421C8D980000CE405 /* Debug */,
				091E1BE521C8D980000CE405 /* Release */,
			);
			defaultConfigurationIsVisible = 0;
			defaultConfigurationName = Release;
		};
		091E1BE621C8D980000CE405 /* Build configuration list for PBXNativeTarget "15-二分查找" */ = {
			isa = XCConfigurationList;
			buildConfigurations = (
				091E1BE721C8D980000CE405 /* Debug */,
				091E1BE821C8D980000CE405 /* Release */,
			);
			defaultConfigurationIsVisible = 0;
			defaultConfigurationName = Release;
		};
/* End XCConfigurationList section */
	};
	rootObject = 091E1BC821C8D97E000CE405 /* Project object */;
}
